// !$*UTF8*$!
{
	archiveVersion = 1;
	classes = {
	};
	objectVersion = 46;
	objects = {

/* Begin PBXBuildFile section */
		21B7B3F31B750AC500E151DB /* AppDelegate.swift in Sources */ = {isa = PBXBuildFile; fileRef = 21B7B3F21B750AC500E151DB /* AppDelegate.swift */; };
		21B7B3F51B750AC500E151DB /* ViewController.swift in Sources */ = {isa = PBXBuildFile; fileRef = 21B7B3F41B750AC500E151DB /* ViewController.swift */; };
		21B7B3F81B750AC500E151DB /* Main.storyboard in Resources */ = {isa = PBXBuildFile; fileRef = 21B7B3F61B750AC500E151DB /* Main.storyboard */; };
		21B7B3FA1B750AC500E151DB /* Images.xcassets in Resources */ = {isa = PBXBuildFile; fileRef = 21B7B3F91B750AC500E151DB /* Images.xcassets */; };
		21B7B3FD1B750AC500E151DB /* LaunchScreen.xib in Resources */ = {isa = PBXBuildFile; fileRef = 21B7B3FB1B750AC500E151DB /* LaunchScreen.xib */; };
		21B7B4091B750AC500E151DB /* AMZLoginTestingTests.swift in Sources */ = {isa = PBXBuildFile; fileRef = 21B7B4081B750AC500E151DB /* AMZLoginTestingTests.swift */; };
		21B7B4131B750C7A00E151DB /* LoginWithAmazon.framework in Frameworks */ = {isa = PBXBuildFile; fileRef = 21B7B4121B750C7A00E151DB /* LoginWithAmazon.framework */; };
		21B7B4151B750D1D00E151DB /* Security.framework in Frameworks */ = {isa = PBXBuildFile; fileRef = 21B7B4141B750D1D00E151DB /* Security.framework */; };
/* End PBXBuildFile section */

/* Begin PBXContainerItemProxy section */
		21B7B4031B750AC500E151DB /* PBXContainerItemProxy */ = {
			isa = PBXContainerItemProxy;
			containerPortal = 21B7B3E51B750AC500E151DB /* Project object */;
			proxyType = 1;
			remoteGlobalIDString = 21B7B3EC1B750AC500E151DB;
			remoteInfo = AMZLoginTesting;
		};
/* End PBXContainerItemProxy section */

/* Begin PBXFileReference section */
		21B7B3ED1B750AC500E151DB /* AMZLoginTesting.app */ = {isa = PBXFileReference; explicitFileType = wrapper.application; includeInIndex = 0; path = AMZLoginTesting.app; sourceTree = BUILT_PRODUCTS_DIR; };
		21B7B3F11B750AC500E151DB /* Info.plist */ = {isa = PBXFileReference; lastKnownFileType = text.plist.xml; path = Info.plist; sourceTree = "<group>"; };
		21B7B3F21B750AC500E151DB /* AppDelegate.swift */ = {isa = PBXFileReference; lastKnownFileType = sourcecode.swift; path = AppDelegate.swift; sourceTree = "<group>"; };
		21B7B3F41B750AC500E151DB /* ViewController.swift */ = {isa = PBXFileReference; lastKnownFileType = sourcecode.swift; path = ViewController.swift; sourceTree = "<group>"; };
		21B7B3F71B750AC500E151DB /* Base */ = {isa = PBXFileReference; lastKnownFileType = file.storyboard; name = Base; path = Base.lproj/Main.storyboard; sourceTree = "<group>"; };
		21B7B3F91B750AC500E151DB /* Images.xcassets */ = {isa = PBXFileReference; lastKnownFileType = folder.assetcatalog; path = Images.xcassets; sourceTree = "<group>"; };
		21B7B3FC1B750AC500E151DB /* Base */ = {isa = PBXFileReference; lastKnownFileType = file.xib; name = Base; path = Base.lproj/LaunchScreen.xib; sourceTree = "<group>"; };
		21B7B4021B750AC500E151DB /* AMZLoginTestingTests.xctest */ = {isa = PBXFileReference; explicitFileType = wrapper.cfbundle; includeInIndex = 0; path = AMZLoginTestingTests.xctest; sourceTree = BUILT_PRODUCTS_DIR; };
		21B7B4071B750AC500E151DB /* Info.plist */ = {isa = PBXFileReference; lastKnownFileType = text.plist.xml; path = Info.plist; sourceTree = "<group>"; };
		21B7B4081B750AC500E151DB /* AMZLoginTestingTests.swift */ = {isa = PBXFileReference; lastKnownFileType = sourcecode.swift; path = AMZLoginTestingTests.swift; sourceTree = "<group>"; };
		21B7B4121B750C7A00E151DB /* LoginWithAmazon.framework */ = {isa = PBXFileReference; lastKnownFileType = wrapper.framework; path = LoginWithAmazon.framework; sourceTree = "<group>"; };
		21B7B4141B750D1D00E151DB /* Security.framework */ = {isa = PBXFileReference; lastKnownFileType = wrapper.framework; name = Security.framework; path = System/Library/Frameworks/Security.framework; sourceTree = SDKROOT; };
/* End PBXFileReference section */

/* Begin PBXFrameworksBuildPhase section */
		21B7B3EA1B750AC500E151DB /* Frameworks */ = {
			isa = PBXFrameworksBuildPhase;
			buildActionMask = 2147483647;
			files = (
				21B7B4151B750D1D00E151DB /* Security.framework in Frameworks */,
				21B7B4131B750C7A00E151DB /* LoginWithAmazon.framework in Frameworks */,
			);
			runOnlyForDeploymentPostprocessing = 0;
		};
		21B7B3FF1B750AC500E151DB /* Frameworks */ = {
			isa = PBXFrameworksBuildPhase;
			buildActionMask = 2147483647;
			files = (
			);
			runOnlyForDeploymentPostprocessing = 0;
		};
/* End PBXFrameworksBuildPhase section */

/* Begin PBXGroup section */
		21B7B3E41B750AC500E151DB = {
			isa = PBXGroup;
			children = (
				21B7B4141B750D1D00E151DB /* Security.framework */,
				21B7B3EF1B750AC500E151DB /* AMZLoginTesting */,
				21B7B4051B750AC500E151DB /* AMZLoginTestingTests */,
				21B7B3EE1B750AC500E151DB /* Products */,
			);
			sourceTree = "<group>";
		};
		21B7B3EE1B750AC500E151DB /* Products */ = {
			isa = PBXGroup;
			children = (
				21B7B3ED1B750AC500E151DB /* AMZLoginTesting.app */,
				21B7B4021B750AC500E151DB /* AMZLoginTestingTests.xctest */,
			);
			name = Products;
			sourceTree = "<group>";
		};
		21B7B3EF1B750AC500E151DB /* AMZLoginTesting */ = {
			isa = PBXGroup;
			children = (
				21B7B3F21B750AC500E151DB /* AppDelegate.swift */,
				21B7B3F41B750AC500E151DB /* ViewController.swift */,
				21B7B3F61B750AC500E151DB /* Main.storyboard */,
				21B7B3F91B750AC500E151DB /* Images.xcassets */,
				21B7B3FB1B750AC500E151DB /* LaunchScreen.xib */,
				21B7B3F01B750AC500E151DB /* Supporting Files */,
			);
			path = AMZLoginTesting;
			sourceTree = "<group>";
		};
		21B7B3F01B750AC500E151DB /* Supporting Files */ = {
			isa = PBXGroup;
			children = (
				21B7B4121B750C7A00E151DB /* LoginWithAmazon.framework */,
				21B7B3F11B750AC500E151DB /* Info.plist */,
			);
			name = "Supporting Files";
			sourceTree = "<group>";
		};
		21B7B4051B750AC500E151DB /* AMZLoginTestingTests */ = {
			isa = PBXGroup;
			children = (
				21B7B4081B750AC500E151DB /* AMZLoginTestingTests.swift */,
				21B7B4061B750AC500E151DB /* Supporting Files */,
			);
			path = AMZLoginTestingTests;
			sourceTree = "<group>";
		};
		21B7B4061B750AC500E151DB /* Supporting Files */ = {
			isa = PBXGroup;
			children = (
				21B7B4071B750AC500E151DB /* Info.plist */,
			);
			name = "Supporting Files";
			sourceTree = "<group>";
		};
/* End PBXGroup section */

/* Begin PBXNativeTarget section */
		21B7B3EC1B750AC500E151DB /* AMZLoginTesting */ = {
			isa = PBXNativeTarget;
			buildConfigurationList = 21B7B40C1B750AC500E151DB /* Build configuration list for PBXNativeTarget "AMZLoginTesting" */;
			buildPhases = (
				21B7B3E91B750AC500E151DB /* Sources */,
				21B7B3EA1B750AC500E151DB /* Frameworks */,
				21B7B3EB1B750AC500E151DB /* Resources */,
			);
			buildRules = (
			);
			dependencies = (
			);
			name = AMZLoginTesting;
			productName = AMZLoginTesting;
			productReference = 21B7B3ED1B750AC500E151DB /* AMZLoginTesting.app */;
			productType = "com.apple.product-type.application";
		};
		21B7B4011B750AC500E151DB /* AMZLoginTestingTests */ = {
			isa = PBXNativeTarget;
			buildConfigurationList = 21B7B40F1B750AC500E151DB /* Build configuration list for PBXNativeTarget "AMZLoginTestingTests" */;
			buildPhases = (
				21B7B3FE1B750AC500E151DB /* Sources */,
				21B7B3FF1B750AC500E151DB /* Frameworks */,
				21B7B4001B750AC500E151DB /* Resources */,
			);
			buildRules = (
			);
			dependencies = (
				21B7B4041B750AC500E151DB /* PBXTargetDependency */,
			);
			name = AMZLoginTestingTests;
			productName = AMZLoginTestingTests;
			productReference = 21B7B4021B750AC500E151DB /* AMZLoginTestingTests.xctest */;
			productType = "com.apple.product-type.bundle.unit-test";
		};
/* End PBXNativeTarget section */

/* Begin PBXProject section */
		21B7B3E51B750AC500E151DB /* Project object */ = {
			isa = PBXProject;
			attributes = {
				LastUpgradeCheck = 0640;
				ORGANIZATIONNAME = Rocky;
				TargetAttributes = {
					21B7B3EC1B750AC500E151DB = {
						CreatedOnToolsVersion = 6.4;
					};
					21B7B4011B750AC500E151DB = {
						CreatedOnToolsVersion = 6.4;
						TestTargetID = 21B7B3EC1B750AC500E151DB;
					};
				};
			};
			buildConfigurationList = 21B7B3E81B750AC500E151DB /* Build configuration list for PBXProject "AMZLoginTesting" */;
			compatibilityVersion = "Xcode 3.2";
			developmentRegion = English;
			hasScannedForEncodings = 0;
			knownRegions = (
				en,
				Base,
			);
			mainGroup = 21B7B3E41B750AC500E151DB;
			productRefGroup = 21B7B3EE1B750AC500E151DB /* Products */;
			projectDirPath = "";
			projectRoot = "";
			targets = (
				21B7B3EC1B750AC500E151DB /* AMZLoginTesting */,
				21B7B4011B750AC500E151DB /* AMZLoginTestingTests */,
			);
		};
/* End PBXProject section */

/* Begin PBXResourcesBuildPhase section */
		21B7B3EB1B750AC500E151DB /* Resources */ = {
			isa = PBXResourcesBuildPhase;
			buildActionMask = 2147483647;
			files = (
				21B7B3F81B750AC500E151DB /* Main.storyboard in Resources */,
				21B7B3FD1B750AC500E151DB /* LaunchScreen.xib in Resources */,
				21B7B3FA1B750AC500E151DB /* Images.xcassets in Resources */,
			);
			runOnlyForDeploymentPostprocessing = 0;
		};
		21B7B4001B750AC500E151DB /* Resources */ = {
			isa = PBXResourcesBuildPhase;
			buildActionMask = 2147483647;
			files = (
			);
			runOnlyForDeploymentPostprocessing = 0;
		};
/* End PBXResourcesBuildPhase section */

/* Begin PBXSourcesBuildPhase section */
		21B7B3E91B750AC500E151DB /* Sources */ = {
			isa = PBXSourcesBuildPhase;
			buildActionMask = 2147483647;
			files = (
				21B7B3F51B750AC500E151DB /* ViewController.swift in Sources */,
				21B7B3F31B750AC500E151DB /* AppDelegate.swift in Sources */,
			);
			runOnlyForDeploymentPostprocessing = 0;
		};
		21B7B3FE1B750AC500E151DB /* Sources */ = {
			isa = PBXSourcesBuildPhase;
			buildActionMask = 2147483647;
			files = (
				21B7B4091B750AC500E151DB /* AMZLoginTestingTests.swift in Sources */,
			);
			runOnlyForDeploymentPostprocessing = 0;
		};
/* End PBXSourcesBuildPhase section */

/* Begin PBXTargetDependency section */
		21B7B4041B750AC500E151DB /* PBXTargetDependency */ = {
			isa = PBXTargetDependency;
			target = 21B7B3EC1B750AC500E151DB /* AMZLoginTesting */;
			targetProxy = 21B7B4031B750AC500E151DB /* PBXContainerItemProxy */;
		};
/* End PBXTargetDependency section */

/* Begin PBXVariantGroup section */
		21B7B3F61B750AC500E151DB /* Main.storyboard */ = {
			isa = PBXVariantGroup;
			children = (
				21B7B3F71B750AC500E151DB /* Base */,
			);
			name = Main.storyboard;
			sourceTree = "<group>";
		};
		21B7B3FB1B750AC500E151DB /* LaunchScreen.xib */ = {
			isa = PBXVariantGroup;
			children = (
				21B7B3FC1B750AC500E151DB /* Base */,
			);
			name = LaunchScreen.xib;
			sourceTree = "<group>";
		};
/* End PBXVariantGroup section */

/* Begin XCBuildConfiguration section */
		21B7B40A1B750AC500E151DB /* Debug */ = {
			isa = XCBuildConfiguration;
			buildSettings = {
				ALWAYS_SEARCH_USER_PATHS = NO;
				CLANG_CXX_LANGUAGE_STANDARD = "gnu++0x";
				CLANG_CXX_LIBRARY = "libc++";
				CLANG_ENABLE_MODULES = YES;
				CLANG_ENABLE_OBJC_ARC = YES;
				CLANG_WARN_BOOL_CONVERSION = YES;
				CLANG_WARN_CONSTANT_CONVERSION = YES;
				CLANG_WARN_DIRECT_OBJC_ISA_USAGE = YES_ERROR;
				CLANG_WARN_EMPTY_BODY = YES;
				CLANG_WARN_ENUM_CONVERSION = YES;
				CLANG_WARN_INT_CONVERSION = YES;
				CLANG_WARN_OBJC_ROOT_CLASS = YES_ERROR;
				CLANG_WARN_UNREACHABLE_CODE = YES;
				CLANG_WARN__DUPLICATE_METHOD_MATCH = YES;
				"CODE_SIGN_IDENTITY[sdk=iphoneos*]" = "iPhone Developer";
				COPY_PHASE_STRIP = NO;
				DEBUG_INFORMATION_FORMAT = "dwarf-with-dsym";
				ENABLE_STRICT_OBJC_MSGSEND = YES;
				GCC_C_LANGUAGE_STANDARD = gnu99;
				GCC_DYNAMIC_NO_PIC = NO;
				GCC_NO_COMMON_BLOCKS = YES;
				GCC_OPTIMIZATION_LEVEL = 0;
				GCC_PREPROCESSOR_DEFINITIONS = (
					"DEBUG=1",
					"$(inherited)",
				);
				GCC_SYMBOLS_PRIVATE_EXTERN = NO;
				GCC_WARN_64_TO_32_BIT_CONVERSION = YES;
				GCC_WARN_ABOUT_RETURN_TYPE = YES_ERROR;
				GCC_WARN_UNDECLARED_SELECTOR = YES;
				GCC_WARN_UNINITIALIZED_AUTOS = YES_AGGRESSIVE;
				GCC_WARN_UNUSED_FUNCTION = YES;
				GCC_WARN_UNUSED_VARIABLE = YES;
				IPHONEOS_DEPLOYMENT_TARGET = 8.4;
				MTL_ENABLE_DEBUG_INFO = YES;
				ONLY_ACTIVE_ARCH = YES;
				SDKROOT = iphoneos;
				SWIFT_OPTIMIZATION_LEVEL = "-Onone";
			};
			name = Debug;
		};
		21B7B40B1B750AC500E151DB /* Release */ = {
			isa = XCBuildConfiguration;
			buildSettings = {
				ALWAYS_SEARCH_USER_PATHS = NO;
				CLANG_CXX_LANGUAGE_STANDARD = "gnu++0x";
				CLANG_CXX_LIBRARY = "libc++";
				CLANG_ENABLE_MODULES = YES;
				CLANG_ENABLE_OBJC_ARC = YES;
				CLANG_WARN_BOOL_CONVERSION = YES;
				CLANG_WARN_CONSTANT_CONVERSION = YES;
				CLANG_WARN_DIRECT_OBJC_ISA_USAGE = YES_ERROR;
				CLANG_WARN_EMPTY_BODY = YES;
				CLANG_WARN_ENUM_CONVERSION = YES;
				CLANG_WARN_INT_CONVERSION = YES;
				CLANG_WARN_OBJC_ROOT_CLASS = YES_ERROR;
				CLANG_WARN_UNREACHABLE_CODE = YES;
				CLANG_WARN__DUPLICATE_METHOD_MATCH = YES;
				"CODE_SIGN_IDENTITY[sdk=iphoneos*]" = "iPhone Developer";
				COPY_PHASE_STRIP = NO;
				DEBUG_INFORMATION_FORMAT = "dwarf-with-dsym";
				ENABLE_NS_ASSERTIONS = NO;
				ENABLE_STRICT_OBJC_MSGSEND = YES;
				GCC_C_LANGUAGE_STANDARD = gnu99;
				GCC_NO_COMMON_BLOCKS = YES;
				GCC_WARN_64_TO_32_BIT_CONVERSION = YES;
				GCC_WARN_ABOUT_RETURN_TYPE = YES_ERROR;
				GCC_WARN_UNDECLARED_SELECTOR = YES;
				GCC_WARN_UNINITIALIZED_AUTOS = YES_AGGRESSIVE;
				GCC_WARN_UNUSED_FUNCTION = YES;
				GCC_WARN_UNUSED_VARIABLE = YES;
				IPHONEOS_DEPLOYMENT_TARGET = 8.4;
				MTL_ENABLE_DEBUG_INFO = NO;
				SDKROOT = iphoneos;
				VALIDATE_PRODUCT = YES;
			};
			name = Release;
		};
		21B7B40D1B750AC500E151DB /* Debug */ = {
			isa = XCBuildConfiguration;
			buildSettings = {
				ASSETCATALOG_COMPILER_APPICON_NAME = AppIcon;
				FRAMEWORK_SEARCH_PATHS = (
					"$(inherited)",
					"$(PROJECT_DIR)/AMZLoginTesting",
				);
				INFOPLIST_FILE = AMZLoginTesting/Info.plist;
				LD_RUNPATH_SEARCH_PATHS = "$(inherited) @executable_path/Frameworks";
				PRODUCT_NAME = "$(TARGET_NAME)";
			};
			name = Debug;
		};
		21B7B40E1B750AC500E151DB /* Release */ = {
			isa = XCBuildConfiguration;
			buildSettings = {
				ASSETCATALOG_COMPILER_APPICON_NAME = AppIcon;
				FRAMEWORK_SEARCH_PATHS = (
					"$(inherited)",
					"$(PROJECT_DIR)/AMZLoginTesting",
				);
				INFOPLIST_FILE = AMZLoginTesting/Info.plist;
				LD_RUNPATH_SEARCH_PATHS = "$(inherited) @executable_path/Frameworks";
				PRODUCT_NAME = "$(TARGET_NAME)";
			};
			name = Release;
		};
		21B7B4101B750AC500E151DB /* Debug */ = {
			isa = XCBuildConfiguration;
			buildSettings = {
				BUNDLE_LOADER = "$(TEST_HOST)";
				FRAMEWORK_SEARCH_PATHS = (
					"$(SDKROOT)/Developer/Library/Frameworks",
					"$(inherited)",
				);
				GCC_PREPROCESSOR_DEFINITIONS = (
					"DEBUG=1",
					"$(inherited)",
				);
				INFOPLIST_FILE = AMZLoginTestingTests/Info.plist;
				LD_RUNPATH_SEARCH_PATHS = "$(inherited) @executable_path/Frameworks @loader_path/Frameworks";
				PRODUCT_NAME = "$(TARGET_NAME)";
				TEST_HOST = "$(BUILT_PRODUCTS_DIR)/AMZLoginTesting.app/AMZLoginTesting";
			};
			name = Debug;
		};
		21B7B4111B750AC500E151DB /* Release */ = {
			isa = XCBuildConfiguration;
			buildSettings = {
				BUNDLE_LOADER = "$(TEST_HOST)";
				FRAMEWORK_SEARCH_PATHS = (
					"$(SDKROOT)/Developer/Library/Frameworks",
					"$(inherited)",
				);
				INFOPLIST_FILE = AMZLoginTestingTests/Info.plist;
				LD_RUNPATH_SEARCH_PATHS = "$(inherited) @executable_path/Frameworks @loader_path/Frameworks";
				PRODUCT_NAME = "$(TARGET_NAME)";
				TEST_HOST = "$(BUILT_PRODUCTS_DIR)/AMZLoginTesting.app/AMZLoginTesting";
			};
			name = Release;
		};
/* End XCBuildConfiguration section */

/* Begin XCConfigurationList section */
		21B7B3E81B750AC500E151DB /* Build configuration list for PBXProject "AMZLoginTesting" */ = {
			isa = XCConfigurationList;
			buildConfigurations = (
				21B7B40A1B750AC500E151DB /* Debug */,
				21B7B40B1B750AC500E151DB /* Release */,
			);
			defaultConfigurationIsVisible = 0;
			defaultConfigurationName = Release;
		};
		21B7B40C1B750AC500E151DB /* Build configuration list for PBXNativeTarget "AMZLoginTesting" */ = {
			isa = XCConfigurationList;
			buildConfigurations = (
				21B7B40D1B750AC500E151DB /* Debug */,
				21B7B40E1B750AC500E151DB /* Release */,
			);
			defaultConfigurationIsVisible = 0;
		};
		21B7B40F1B750AC500E151DB /* Build configuration list for PBXNativeTarget "AMZLoginTestingTests" */ = {
			isa = XCConfigurationList;
			buildConfigurations = (
				21B7B4101B750AC500E151DB /* Debug */,
				21B7B4111B750AC500E151DB /* Release */,
			);
			defaultConfigurationIsVisible = 0;
		};
/* End XCConfigurationList section */
	};
	rootObject = 21B7B3E51B750AC500E151DB /* Project object */;
}
